
Microsoft Visual Studio Solution File, Format Version 11.00
# Visual Studio 2010
Project("{8BC9CEB8-8B4A-11D0-8D11-00A0C91BC942}") = "Test", "Test\Test.vcxproj", "{9CF0F94D-554E-40C5-914F-4001A1569737}"
EndProject
Global
	GlobalSection(SolutionConfigurationPlatforms) = preSolution
		Debug|Win32 = Debug|Win32
		Release|Win32 = Release|Win32
	EndGlobalSection
	GlobalSection(ProjectConfigurationPlatforms) = postSolution
		{9CF0F94D-554E-40C5-914F-4001A1569737}.Debug|Win32.ActiveCfg = Debug|Win32
		{9CF0F94D-554E-40C5-914F-4001A1569737}.Debug|Win32.Build.0 = Debug|Win32
		{9CF0F94D-554E-40C5-914F-4001A1569737}.Release|Win32.ActiveCfg = Release|Win32
		{9CF0F94D-554E-40C5-914F-4001A1569737}.Release|Win32.Build.0 = Release|Win32
	EndGlobalSection
	GlobalSection(SolutionProperties) = preSolution
		HideSolutionNode = FALSE
	EndGlobalSection
EndGlobal
